
Microsoft Visual Studio Solution File, Format Version 12.00
# Visual Studio Version 17
VisualStudioVersion = 17.6.33815.320
MinimumVisualStudioVersion = 10.0.40219.1
Project("{8BC9CEB8-8B4A-11D0-8D11-00A0C91BC942}") = "Car_Modell", "Car_Modell\Car_Modell.vcxproj", "{710FCE87-7DBB-44CF-83C5-91FDF665703D}"
EndProject
Global
	GlobalSection(SolutionConfigurationPlatforms) = preSolution
		Debug|x64 = Debug|x64
		Debug|x86 = Debug|x86
		Release|x64 = Release|x64
		Release|x86 = Release|x86
	EndGlobalSection
	GlobalSection(ProjectConfigurationPlatforms) = postSolution
		{710FCE87-7DBB-44CF-83C5-91FDF665703D}.Debug|x64.ActiveCfg = Debug|x64
		{710FCE87-7DBB-44CF-83C5-91FDF665703D}.Debug|x64.Build.0 = Debug|x64
		{710FCE87-7DBB-44CF-83C5-91FDF665703D}.Debug|x86.ActiveCfg = Debug|Win32
		{710FCE87-7DBB-44CF-83C5-91FDF665703D}.Debug|x86.Build.0 = Debug|Win32
		{710FCE87-7DBB-44CF-83C5-91FDF665703D}.Release|x64.ActiveCfg = Release|x64
		{710FCE87-7DBB-44CF-83C5-91FDF665703D}.Release|x64.Build.0 = Release|x64
		{710FCE87-7DBB-44CF-83C5-91FDF665703D}.Release|x86.ActiveCfg = Release|Win32
		{710FCE87-7DBB-44CF-83C5-91FDF665703D}.Release|x86.Build.0 = Release|Win32
	EndGlobalSection
	GlobalSection(SolutionProperties) = preSolution
		HideSolutionNode = FALSE
	EndGlobalSection
	GlobalSection(ExtensibilityGlobals) = postSolution
		SolutionGuid = {3A4F87E1-333B-4F76-BF32-D09CDB1DA286}
	EndGlobalSection
EndGlobal
